<?xml version="1.0" encoding="UTF-8" standalone="yes" ?>
<CodeBlocks_project_file>
	<FileVersion major="1" minor="6" />
	<Project>
		<Option title="Rose01" />
		<Option pch_mode="2" />
		<Option compiler="gcc" />
		<Build>
			<Target title="Debug">
				<Option output="bin/Debug/Rose01" prefix_auto="1" extension_auto="1" />
				<Option object_output="obj/Debug/" />
				<Option type="1" />
				<Option compiler="gcc" />
				<Compiler>
					<Add option="-g" />
					<Add directory="include" />
				</Compiler>
			</Target>
			<Target title="Release">
				<Option output="bin/Release/Rose01" prefix_auto="1" extension_auto="1" />
				<Option object_output="obj/Release/" />
				<Option type="1" />
				<Option compiler="gcc" />
				<Compiler>
					<Add option="-O2" />
					<Add directory="include" />
				</Compiler>
				<Linker>
					<Add option="-s" />
				</Linker>
			</Target>
		</Build>
		<Compiler>
			<Add option="-Wall" />
			<Add option="-fexceptions" />
		</Compiler>
		<Unit filename="Activities.h" />
		<Unit filename="Area1_YourHouse.h" />
		<Unit filename="Area2_Town.h" />
		<Unit filename="Area3_Forest.h" />
		<Unit filename="Area4_ElfVillage.h" />
		<Unit filename="BackroundMovement.h" />
		<Unit filename="Battle.h" />
		<Unit filename="ControlFunctions.h" />
		<Unit filename="Cutscenes.h" />
		<Unit filename="Display.h" />
		<Unit filename="Global_Variables.h" />
		<Unit filename="Notes.h" />
		<Unit filename="TextFunctions.h" />
		<Unit filename="TitleScreen.h" />
		<Unit filename="User_File1.dat" />
		<Unit filename="main.cpp" />
		<Extensions>
			<code_completion />
			<envvars />
			<debugger />
			<lib_finder disable_auto="1" />
		</Extensions>
	</Project>
</CodeBlocks_project_file>
